
Microsoft Visual Studio Solution File, Format Version 12.00
# Visual Studio Version 17
VisualStudioVersion = 17.8.34408.163
MinimumVisualStudioVersion = 10.0.40219.1
Project("{9A19103F-16F7-4668-BE54-9A1E7A4F7556}") = "PrimeAppAdmin", "PrimeAppAdmin.csproj", "{8483089F-0216-4698-AD13-A0AFC453E7C1}"
EndProject
Project("{9A19103F-16F7-4668-BE54-9A1E7A4F7556}") = "Retailbanking.BL", "..\Retailbanking\Retailbanking.BL\Retailbanking.BL.csproj", "{9D2C676F-ACBD-4D6C-A83B-A9BA9267AA3C}"
EndProject
Project("{9A19103F-16F7-4668-BE54-9A1E7A4F7556}") = "Retailbanking.Common", "..\Retailbanking\Retailbanking.Common\Retailbanking.Common.csproj", "{5B0CF046-CF56-4E01-BF7F-619D80E18524}"
EndProject
Global
	GlobalSection(SolutionConfigurationPlatforms) = preSolution
		Debug|Any CPU = Debug|Any CPU
		Release|Any CPU = Release|Any CPU
	EndGlobalSection
	GlobalSection(ProjectConfigurationPlatforms) = postSolution
		{8483089F-0216-4698-AD13-A0AFC453E7C1}.Debug|Any CPU.ActiveCfg = Debug|Any CPU
		{8483089F-0216-4698-AD13-A0AFC453E7C1}.Debug|Any CPU.Build.0 = Debug|Any CPU
		{8483089F-0216-4698-AD13-A0AFC453E7C1}.Release|Any CPU.ActiveCfg = Release|Any CPU
		{8483089F-0216-4698-AD13-A0AFC453E7C1}.Release|Any CPU.Build.0 = Release|Any CPU
		{9D2C676F-ACBD-4D6C-A83B-A9BA9267AA3C}.Debug|Any CPU.ActiveCfg = Debug|Any CPU
		{9D2C676F-ACBD-4D6C-A83B-A9BA9267AA3C}.Debug|Any CPU.Build.0 = Debug|Any CPU
		{9D2C676F-ACBD-4D6C-A83B-A9BA9267AA3C}.Release|Any CPU.ActiveCfg = Release|Any CPU
		{9D2C676F-ACBD-4D6C-A83B-A9BA9267AA3C}.Release|Any CPU.Build.0 = Release|Any CPU
		{5B0CF046-CF56-4E01-BF7F-619D80E18524}.Debug|Any CPU.ActiveCfg = Debug|Any CPU
		{5B0CF046-CF56-4E01-BF7F-619D80E18524}.Debug|Any CPU.Build.0 = Debug|Any CPU
		{5B0CF046-CF56-4E01-BF7F-619D80E18524}.Release|Any CPU.ActiveCfg = Release|Any CPU
		{5B0CF046-CF56-4E01-BF7F-619D80E18524}.Release|Any CPU.Build.0 = Release|Any CPU
	EndGlobalSection
	GlobalSection(SolutionProperties) = preSolution
		HideSolutionNode = FALSE
	EndGlobalSection
	GlobalSection(ExtensibilityGlobals) = postSolution
		SolutionGuid = {5BED88AC-1855-4792-A858-6F1888869944}
	EndGlobalSection
EndGlobal
